# THIS IS AN AUTOGENERATED FILE. DO NOT EDIT THIS FILE DIRECTLY.
# yarn lockfile v1


"@esbuild/android-arm64@0.18.10":
  version "0.18.10"
  resolved "https://registry.yarnpkg.com/@esbuild/android-arm64/-/android-arm64-0.18.10.tgz#a416286e6271a8f050869df76ecfc4b822103bbe"
  integrity sha512-ynm4naLbNbK0ajf9LUWtQB+6Vfg1Z/AplArqr4tGebC00Z6m9Y91OVIcjDa461wGcZwcaHYaZAab4yJxfhisTQ==

"@esbuild/android-arm@0.18.10":
  version "0.18.10"
  resolved "https://registry.yarnpkg.com/@esbuild/android-arm/-/android-arm-0.18.10.tgz#aff8cfebd2ed3a52f4d4a923360e7abd0817c34c"
  integrity sha512-3KClmVNd+Fku82uZJz5C4Rx8m1PPmWUFz5Zkw8jkpZPOmsq+EG1TTOtw1OXkHuX3WczOFQigrtf60B1ijKwNsg==

"@esbuild/android-x64@0.18.10":
  version "0.18.10"
  resolved "https://registry.yarnpkg.com/@esbuild/android-x64/-/android-x64-0.18.10.tgz#f3b1f52fd6bfdf79d5b9b5965798ff3a8afa584d"
  integrity sha512-vFfXj8P9Yfjh54yqUDEHKzqzYuEfPyAOl3z7R9hjkwt+NCvbn9VMxX+IILnAfdImRBfYVItgSUsqGKhJFnBwZw==

"@esbuild/darwin-arm64@0.18.10":
  version "0.18.10"
  resolved "https://registry.yarnpkg.com/@esbuild/darwin-arm64/-/darwin-arm64-0.18.10.tgz#70644fc5f41bfe90079df449506de2a568f4c08f"
  integrity sha512-k2OJQ7ZxE6sVc91+MQeZH9gFeDAH2uIYALPAwTjTCvcPy9Dzrf7V7gFUQPYkn09zloWhQ+nvxWHia2x2ZLR0sQ==

"@esbuild/darwin-x64@0.18.10":
  version "0.18.10"
  resolved "https://registry.yarnpkg.com/@esbuild/darwin-x64/-/darwin-x64-0.18.10.tgz#a8a8466559af303db881c7a760553bfc00593a62"
  integrity sha512-tnz/mdZk1L1Z3WpGjin/L2bKTe8/AKZpI8fcCLtH+gq8WXWsCNJSxlesAObV4qbtTl6pG5vmqFXfWUQ5hV8PAQ==

"@esbuild/freebsd-arm64@0.18.10":
  version "0.18.10"
  resolved "https://registry.yarnpkg.com/@esbuild/freebsd-arm64/-/freebsd-arm64-0.18.10.tgz#eda518b8d9b38b6c17c2c58600f8b97ff7acd73b"
  integrity sha512-QJluV0LwBrbHnYYwSKC+K8RGz0g/EyhpQH1IxdoFT0nM7PfgjE+aS8wxq/KFEsU0JkL7U/EEKd3O8xVBxXb2aA==

"@esbuild/freebsd-x64@0.18.10":
  version "0.18.10"
  resolved "https://registry.yarnpkg.com/@esbuild/freebsd-x64/-/freebsd-x64-0.18.10.tgz#e96ba0a380ec38055fd4654dd7a96c90e32e4bbb"
  integrity sha512-Hi/ycUkS6KTw+U9G5PK5NoK7CZboicaKUSVs0FSiPNtuCTzK6HNM4DIgniH7hFaeuszDS9T4dhAHWiLSt/Y5Ng==

"@esbuild/linux-arm64@0.18.10":
  version "0.18.10"
  resolved "https://registry.yarnpkg.com/@esbuild/linux-arm64/-/linux-arm64-0.18.10.tgz#63255f396ab465081bf37e4751bfade9578a8ff0"
  integrity sha512-Nz6XcfRBOO7jSrVpKAyEyFOPGhySPNlgumSDhWAspdQQ11ub/7/NZDMhWDFReE9QH/SsCOCLQbdj0atAk/HMOQ==

"@esbuild/linux-arm@0.18.10":
  version "0.18.10"
  resolved "https://registry.yarnpkg.com/@esbuild/linux-arm/-/linux-arm-0.18.10.tgz#9a589ffb96837b7536cfa6739dd2e666cc5e548e"
  integrity sha512-HfFoxY172tVHPIvJy+FHxzB4l8xU7e5cxmNS11cQ2jt4JWAukn/7LXaPdZid41UyTweqa4P/1zs201gRGCTwHw==

"@esbuild/linux-ia32@0.18.10":
  version "0.18.10"
  resolved "https://registry.yarnpkg.com/@esbuild/linux-ia32/-/linux-ia32-0.18.10.tgz#291aba2de93e8cdf77d607f54e554ce4ffd2f5ef"
  integrity sha512-otMdmSmkMe+pmiP/bZBjfphyAsTsngyT9RCYwoFzqrveAbux9nYitDTpdgToG0Z0U55+PnH654gCH2GQ1aB6Yw==

"@esbuild/linux-loong64@0.18.10":
  version "0.18.10"
  resolved "https://registry.yarnpkg.com/@esbuild/linux-loong64/-/linux-loong64-0.18.10.tgz#ff0fe68c137dc165277b559a747c5debe6a8baec"
  integrity sha512-t8tjFuON1koxskzQ4VFoh0T5UDUMiLYjwf9Wktd0tx8AoK6xgU+5ubKOpWpcnhEQ2tESS5u0v6QuN8PX/ftwcQ==

"@esbuild/linux-mips64el@0.18.10":
  version "0.18.10"
  resolved "https://registry.yarnpkg.com/@esbuild/linux-mips64el/-/linux-mips64el-0.18.10.tgz#99801b17fe2bffcce5cf9375731adf3025e7aee9"
  integrity sha512-+dUkcVzcfEJHz3HEnVpIJu8z8Wdn2n/nWMWdl6FVPFGJAVySO4g3+XPzNKFytVFwf8hPVDwYXzVcu8GMFqsqZw==

"@esbuild/linux-ppc64@0.18.10":
  version "0.18.10"
  resolved "https://registry.yarnpkg.com/@esbuild/linux-ppc64/-/linux-ppc64-0.18.10.tgz#b5d179a6271d123b20694402364162bfa583b35b"
  integrity sha512-sO3PjjxEGy+PY2qkGe2gwJbXdZN9wAYpVBZWFD0AwAoKuXRkWK0/zaMQ5ekUFJDRDCRm8x5U0Axaub7ynH/wVg==

"@esbuild/linux-riscv64@0.18.10":
  version "0.18.10"
  resolved "https://registry.yarnpkg.com/@esbuild/linux-riscv64/-/linux-riscv64-0.18.10.tgz#c34b55bcc71d07685e4b836659f299cd4f6889ec"
  integrity sha512-JDtdbJg3yjDeXLv4lZYE1kiTnxv73/8cbPHY9T/dUKi8rYOM/k5b3W4UJLMUksuQ6nTm5c89W1nADsql6FW75A==

"@esbuild/linux-s390x@0.18.10":
  version "0.18.10"
  resolved "https://registry.yarnpkg.com/@esbuild/linux-s390x/-/linux-s390x-0.18.10.tgz#84318e86ee1e377c603c7b5359f5f67771eddd99"
  integrity sha512-NLuSKcp8WckjD2a7z5kzLiCywFwBTMlIxDNuud1AUGVuwBBJSkuubp6cNjJ0p5c6CZaA3QqUGwjHJBiG1SoOFw==

"@esbuild/linux-x64@0.18.10":
  version "0.18.10"
  resolved "https://registry.yarnpkg.com/@esbuild/linux-x64/-/linux-x64-0.18.10.tgz#631650dc12f902535dea84b356709ba4ca893071"
  integrity sha512-wj2KRsCsFusli+6yFgNO/zmmLslislAWryJnodteRmGej7ZzinIbMdsyp13rVGde88zxJd5vercNYK9kuvlZaQ==

"@esbuild/netbsd-x64@0.18.10":
  version "0.18.10"
  resolved "https://registry.yarnpkg.com/@esbuild/netbsd-x64/-/netbsd-x64-0.18.10.tgz#436c8c8590eb7638e9d811ce5aae5e44b7dd2e45"
  integrity sha512-pQ9QqxEPI3cVRZyUtCoZxhZK3If+7RzR8L2yz2+TDzdygofIPOJFaAPkEJ5rYIbUO101RaiYxfdOBahYexLk5A==

"@esbuild/openbsd-x64@0.18.10":
  version "0.18.10"
  resolved "https://registry.yarnpkg.com/@esbuild/openbsd-x64/-/openbsd-x64-0.18.10.tgz#69945ceeecfb30c20b64068d14a2cf9853254035"
  integrity sha512-k8GTIIW9I8pEEfoOUm32TpPMgSg06JhL5DO+ql66aLTkOQUs0TxCA67Wi7pv6z8iF8STCGcNbm3UWFHLuci+ag==

"@esbuild/sunos-x64@0.18.10":
  version "0.18.10"
  resolved "https://registry.yarnpkg.com/@esbuild/sunos-x64/-/sunos-x64-0.18.10.tgz#2ad291b87225f82490d3ffd7c8b643e45fe0d616"
  integrity sha512-vIGYJIdEI6d4JBucAx8py792G8J0GP40qSH+EvSt80A4zvGd6jph+5t1g+eEXcS2aRpgZw6CrssNCFZxTdEsxw==

"@esbuild/win32-arm64@0.18.10":
  version "0.18.10"
  resolved "https://registry.yarnpkg.com/@esbuild/win32-arm64/-/win32-arm64-0.18.10.tgz#f12fcff13b9dbd3e80481f4cb6282708ce7794bb"
  integrity sha512-kRhNcMZFGMW+ZHCarAM1ypr8OZs0k688ViUCetVCef9p3enFxzWeBg9h/575Y0nsFu0ZItluCVF5gMR2pwOEpA==

"@esbuild/win32-ia32@0.18.10":
  version "0.18.10"
  resolved "https://registry.yarnpkg.com/@esbuild/win32-ia32/-/win32-ia32-0.18.10.tgz#e369e9bedf6b548a62b284320c6de08982d045da"
  integrity sha512-AR9PX1whYaYh9p0EOaKna0h48F/A101Mt/ag72+kMkkBZXPQ7cjbz2syXI/HI3OlBdUytSdHneljfjvUoqwqiQ==

"@esbuild/win32-x64@0.18.10":
  version "0.18.10"
  resolved "https://registry.yarnpkg.com/@esbuild/win32-x64/-/win32-x64-0.18.10.tgz#141d8e73b74252eef46a5433f69d15890d82b5e3"
  integrity sha512-5sTkYhAGHNRr6bVf4RM0PsscqVr6/DBYdrlMh168oph3usid3lKHcHEEHmr34iZ9GHeeg2juFOxtpl6XyC3tpw==

"@types/prop-types@*":
  version "15.7.5"
  resolved "https://registry.yarnpkg.com/@types/prop-types/-/prop-types-15.7.5.tgz#5f19d2b85a98e9558036f6a3cacc8819420f05cf"
  integrity sha512-JCB8C6SnDoQf0cNycqd/35A7MjcnK+ZTqE7judS6o7utxUCg6imJg3QK2qzHKszlTjcj2cn+NwMB2i96ubpj7w==

"@types/react-dom@^18.2.6":
  version "18.2.6"
  resolved "https://registry.yarnpkg.com/@types/react-dom/-/react-dom-18.2.6.tgz#ad621fa71a8db29af7c31b41b2ea3d8a6f4144d1"
  integrity sha512-2et4PDvg6PVCyS7fuTc4gPoksV58bW0RwSxWKcPRcHZf0PRUGq03TKcD/rUHe3azfV6/5/biUBJw+HhCQjaP0A==
  dependencies:
    "@types/react" "*"

"@types/react@*", "@types/react@^18.2.14":
  version "18.2.14"
  resolved "https://registry.yarnpkg.com/@types/react/-/react-18.2.14.tgz#fa7a6fecf1ce35ca94e74874f70c56ce88f7a127"
  integrity sha512-A0zjq+QN/O0Kpe30hA1GidzyFjatVvrpIvWLxD+xv67Vt91TWWgco9IvrJBkeyHm1trGaFS/FSGqPlhyeZRm0g==
  dependencies:
    "@types/prop-types" "*"
    "@types/scheduler" "*"
    csstype "^3.0.2"

"@types/scheduler@*":
  version "0.16.3"
  resolved "https://registry.yarnpkg.com/@types/scheduler/-/scheduler-0.16.3.tgz#cef09e3ec9af1d63d2a6cc5b383a737e24e6dcf5"
  integrity sha512-5cJ8CB4yAx7BH1oMvdU0Jh9lrEXyPkar6F9G/ERswkCuvP4KQZfZkSjcMbAICCpQTN4OuZn8tz0HiKv9TGZgrQ==

csstype@^3.0.2:
  version "3.1.2"
  resolved "https://registry.yarnpkg.com/csstype/-/csstype-3.1.2.tgz#1d4bf9d572f11c14031f0436e1c10bc1f571f50b"
  integrity sha512-I7K1Uu0MBPzaFKg4nI5Q7Vs2t+3gWWW648spaF+Rg7pI9ds18Ugn+lvg4SHczUdKlHI5LWBXyqfS8+DufyBsgQ==

dotenv@^16.3.1:
  version "16.3.1"
  resolved "https://registry.yarnpkg.com/dotenv/-/dotenv-16.3.1.tgz#369034de7d7e5b120972693352a3bf112172cc3e"
  integrity sha512-IPzF4w4/Rd94bA9imS68tZBaYyBWSCE47V1RGuMrB94iyTOIEwRmVL2x/4An+6mETpLrKJ5hQkB8W4kFAadeIQ==

esbuild@^0.18.10:
  version "0.18.10"
  resolved "https://registry.yarnpkg.com/esbuild/-/esbuild-0.18.10.tgz#f0e99e8a957990241be04f2454d7e2cb0d78b43f"
  integrity sha512-33WKo67auOXzZHBY/9DTJRo7kIvfU12S+D4sp2wIz39N88MDIaCGyCwbW01RR70pK6Iya0I74lHEpyLfFqOHPA==
  optionalDependencies:
    "@esbuild/android-arm" "0.18.10"
    "@esbuild/android-arm64" "0.18.10"
    "@esbuild/android-x64" "0.18.10"
    "@esbuild/darwin-arm64" "0.18.10"
    "@esbuild/darwin-x64" "0.18.10"
    "@esbuild/freebsd-arm64" "0.18.10"
    "@esbuild/freebsd-x64" "0.18.10"
    "@esbuild/linux-arm" "0.18.10"
    "@esbuild/linux-arm64" "0.18.10"
    "@esbuild/linux-ia32" "0.18.10"
    "@esbuild/linux-loong64" "0.18.10"
    "@esbuild/linux-mips64el" "0.18.10"
    "@esbuild/linux-ppc64" "0.18.10"
    "@esbuild/linux-riscv64" "0.18.10"
    "@esbuild/linux-s390x" "0.18.10"
    "@esbuild/linux-x64" "0.18.10"
    "@esbuild/netbsd-x64" "0.18.10"
    "@esbuild/openbsd-x64" "0.18.10"
    "@esbuild/sunos-x64" "0.18.10"
    "@esbuild/win32-arm64" "0.18.10"
    "@esbuild/win32-ia32" "0.18.10"
    "@esbuild/win32-x64" "0.18.10"

"js-tokens@^3.0.0 || ^4.0.0":
  version "4.0.0"
  resolved "https://registry.yarnpkg.com/js-tokens/-/js-tokens-4.0.0.tgz#19203fb59991df98e3a287050d4647cdeaf32499"
  integrity sha512-RdJUflcE3cUzKiMqQgsCu06FPu9UdIJO0beYbPhHN4k6apgJtifcoCtT9bcxOpYBtpD2kCM6Sbzg4CausW/PKQ==

loose-envify@^1.1.0:
  version "1.4.0"
  resolved "https://registry.yarnpkg.com/loose-envify/-/loose-envify-1.4.0.tgz#71ee51fa7be4caec1a63839f7e682d8132d30caf"
  integrity sha512-lyuxPGr/Wfhrlem2CL/UcnUc1zcqKAImBDzukY7Y5F/yQiNdko6+fRLevlw1HgMySw7f611UIY408EtxRSoK3Q==
  dependencies:
    js-tokens "^3.0.0 || ^4.0.0"

react-dom@^18.2.0:
  version "18.2.0"
  resolved "https://registry.yarnpkg.com/react-dom/-/react-dom-18.2.0.tgz#22aaf38708db2674ed9ada224ca4aa708d821e3d"
  integrity sha512-6IMTriUmvsjHUjNtEDudZfuDQUoWXVxKHhlEGSk81n4YFS+r/Kl99wXiwlVXtPBtJenozv2P+hxDsw9eA7Xo6g==
  dependencies:
    loose-envify "^1.1.0"
    scheduler "^0.23.0"

react@^18.2.0:
  version "18.2.0"
  resolved "https://registry.yarnpkg.com/react/-/react-18.2.0.tgz#555bd98592883255fa00de14f1151a917b5d77d5"
  integrity sha512-/3IjMdb2L9QbBdWiW5e3P2/npwMBaU9mHCSCUzNln0ZCYbcfTsGbTJrU/kGemdH2IWmB2ioZ+zkxtmq6g09fGQ==
  dependencies:
    loose-envify "^1.1.0"

scheduler@^0.23.0:
  version "0.23.0"
  resolved "https://registry.yarnpkg.com/scheduler/-/scheduler-0.23.0.tgz#ba8041afc3d30eb206a487b6b384002e4e61fdfe"
  integrity sha512-CtuThmgHNg7zIZWAXi3AsyIzA3n4xx7aNyjwC2VJldO2LMVDhFK+63xGqq6CsJH4rTAt6/M+N4GhZiDYPx9eUw==
  dependencies:
    loose-envify "^1.1.0"

typescript@^5.1.5:
  version "5.1.5"
  resolved "https://registry.yarnpkg.com/typescript/-/typescript-5.1.5.tgz#a3ae755082488b6046fe64345d293ef26af08671"
  integrity sha512-FOH+WN/DQjUvN6WgW+c4Ml3yi0PH+a/8q+kNIfRehv1wLhWONedw85iu+vQ39Wp49IzTJEsZ2lyLXpBF7mkF1g==
